
Microsoft Visual Studio Solution File, Format Version 12.00
# Visual Studio Version 17
VisualStudioVersion = 17.5.33516.290
MinimumVisualStudioVersion = 10.0.40219.1
Project("{FAE04EC0-301F-11D3-BF4B-00C04F79EFBC}") = "BankingYetAgain", "BankingYetAgain\BankingYetAgain.csproj", "{305DE5D3-ABD0-484B-8DA0-1BC4F6D614A2}"
EndProject
Project("{FAE04EC0-301F-11D3-BF4B-00C04F79EFBC}") = "BankingData", "BankingData\BankingData.csproj", "{D63CC348-A05F-4048-A0AF-F8208E7C8B28}"
EndProject
Global
	GlobalSection(SolutionConfigurationPlatforms) = preSolution
		Debug|Any CPU = Debug|Any CPU
		Release|Any CPU = Release|Any CPU
	EndGlobalSection
	GlobalSection(ProjectConfigurationPlatforms) = postSolution
		{305DE5D3-ABD0-484B-8DA0-1BC4F6D614A2}.Debug|Any CPU.ActiveCfg = Debug|Any CPU
		{305DE5D3-ABD0-484B-8DA0-1BC4F6D614A2}.Debug|Any CPU.Build.0 = Debug|Any CPU
		{305DE5D3-ABD0-484B-8DA0-1BC4F6D614A2}.Release|Any CPU.ActiveCfg = Release|Any CPU
		{305DE5D3-ABD0-484B-8DA0-1BC4F6D614A2}.Release|Any CPU.Build.0 = Release|Any CPU
		{D63CC348-A05F-4048-A0AF-F8208E7C8B28}.Debug|Any CPU.ActiveCfg = Debug|Any CPU
		{D63CC348-A05F-4048-A0AF-F8208E7C8B28}.Debug|Any CPU.Build.0 = Debug|Any CPU
		{D63CC348-A05F-4048-A0AF-F8208E7C8B28}.Release|Any CPU.ActiveCfg = Release|Any CPU
		{D63CC348-A05F-4048-A0AF-F8208E7C8B28}.Release|Any CPU.Build.0 = Release|Any CPU
	EndGlobalSection
	GlobalSection(SolutionProperties) = preSolution
		HideSolutionNode = FALSE
	EndGlobalSection
	GlobalSection(ExtensibilityGlobals) = postSolution
		SolutionGuid = {E86E336A-7966-4658-A9F6-B890E9D1AF5A}
	EndGlobalSection
EndGlobal
